
Microsoft Visual Studio Solution File, Format Version 12.00
# Visual Studio Version 16
VisualStudioVersion = 16.0.29613.14
MinimumVisualStudioVersion = 10.0.40219.1
Project("{FAE04EC0-301F-11D3-BF4B-00C04F79EFBC}") = "WebApplicationSignalr", "WebApplicationSignalr\WebApplicationSignalr.csproj", "{99953B6A-0773-4358-96F7-121A726AC21F}"
EndProject
Global
	GlobalSection(SolutionConfigurationPlatforms) = preSolution
		Debug|Any CPU = Debug|Any CPU
		Release|Any CPU = Release|Any CPU
	EndGlobalSection
	GlobalSection(ProjectConfigurationPlatforms) = postSolution
		{99953B6A-0773-4358-96F7-121A726AC21F}.Debug|Any CPU.ActiveCfg = Debug|Any CPU
		{99953B6A-0773-4358-96F7-121A726AC21F}.Debug|Any CPU.Build.0 = Debug|Any CPU
		{99953B6A-0773-4358-96F7-121A726AC21F}.Release|Any CPU.ActiveCfg = Release|Any CPU
		{99953B6A-0773-4358-96F7-121A726AC21F}.Release|Any CPU.Build.0 = Release|Any CPU
	EndGlobalSection
	GlobalSection(SolutionProperties) = preSolution
		HideSolutionNode = FALSE
	EndGlobalSection
	GlobalSection(ExtensibilityGlobals) = postSolution
		SolutionGuid = {423C0A45-2C54-4265-8017-32874AC15783}
	EndGlobalSection
EndGlobal
